
Microsoft Visual Studio Solution File, Format Version 12.00
Project("{FAE04EC0-301F-11D3-BF4B-00C04F79EFBC}") = "GabbR", "src\GabbR\GabbR.csproj", "{089B3686-BDF7-4B7F-8B67-EC1EE808FCAC}"
EndProject
Project("{FAE04EC0-301F-11D3-BF4B-00C04F79EFBC}") = "Build", "src\Build\Build.csproj", "{964433FE-6C90-4604-B8A7-AB3ADA120319}"
EndProject
Project("{2150E333-8FDC-42A3-9474-1A3956D46DE8}") = "src", "src", "{F795C828-0037-4FAC-B3BB-5B1798296BD1}"
EndProject
Global
	GlobalSection(SolutionConfigurationPlatforms) = preSolution
		Debug|Any CPU = Debug|Any CPU
		Release|Any CPU = Release|Any CPU
	EndGlobalSection
	GlobalSection(ProjectConfigurationPlatforms) = postSolution
		{089B3686-BDF7-4B7F-8B67-EC1EE808FCAC}.Debug|Any CPU.ActiveCfg = Debug|Any CPU
		{089B3686-BDF7-4B7F-8B67-EC1EE808FCAC}.Debug|Any CPU.Build.0 = Debug|Any CPU
		{089B3686-BDF7-4B7F-8B67-EC1EE808FCAC}.Release|Any CPU.ActiveCfg = Release|Any CPU
		{089B3686-BDF7-4B7F-8B67-EC1EE808FCAC}.Release|Any CPU.Build.0 = Release|Any CPU
		{964433FE-6C90-4604-B8A7-AB3ADA120319}.Debug|Any CPU.ActiveCfg = Debug|Any CPU
		{964433FE-6C90-4604-B8A7-AB3ADA120319}.Debug|Any CPU.Build.0 = Debug|Any CPU
		{964433FE-6C90-4604-B8A7-AB3ADA120319}.Release|Any CPU.ActiveCfg = Release|Any CPU
		{964433FE-6C90-4604-B8A7-AB3ADA120319}.Release|Any CPU.Build.0 = Release|Any CPU
	EndGlobalSection
	GlobalSection(NestedProjects) = preSolution
		{964433FE-6C90-4604-B8A7-AB3ADA120319} = {F795C828-0037-4FAC-B3BB-5B1798296BD1}
		{089B3686-BDF7-4B7F-8B67-EC1EE808FCAC} = {F795C828-0037-4FAC-B3BB-5B1798296BD1}
	EndGlobalSection
EndGlobal
